# THIS IS AN AUTOGENERATED FILE. DO NOT EDIT THIS FILE DIRECTLY.
# yarn lockfile v1


esbuild@^0.8.34:
  version "0.8.34"
  resolved "https://registry.yarnpkg.com/esbuild/-/esbuild-0.8.34.tgz#16b4ac58f74c821d2c5a8c2f0585ca96a38ab4e6"
  integrity sha512-tnr0V1ooakYr1aRLXQLzCn2GVG1kBTW3FWpRyC+NgrR3ntsouVpJOlTOV0BS4YLATx3/c+x3h/uBq9lWJlUAtQ==

prettier@^2.2.1:
  version "2.2.1"
  resolved "https://registry.yarnpkg.com/prettier/-/prettier-2.2.1.tgz#795a1a78dd52f073da0cd42b21f9c91381923ff5"
  integrity sha512-PqyhM2yCjg/oKkFPtTGUojv7gnZAoG80ttl45O6x2Ug/rMJw4wcc9k6aaf2hibP7BGVCCM33gZoGjyvt9mm16Q==
